PODS:
  - Flutter (1.0.0)
  - flutter_biometrics (0.0.1):
    - Flutter

DEPENDENCIES:
  - Flutter (from `Flutter`)
  - flutter_biometrics (from `.symlinks/plugins/flutter_biometrics/ios`)

EXTERNAL SOURCES:
  Flutter:
    :path: Flutter
  flutter_biometrics:
    :path: ".symlinks/plugins/flutter_biometrics/ios"

SPEC CHECKSUMS:
  Flutter: 434fef37c0980e73bb6479ef766c45957d4b510c
  flutter_biometrics: d65e075a14bb7fa8ea93ccdaa5185f8b5fe6bcf2

PODFILE CHECKSUM: aafe91acc616949ddb318b77800a7f51bffa2a4c

COCOAPODS: 1.11.3
